
Microsoft Visual Studio Solution File, Format Version 12.00
# Visual Studio Version 16
VisualStudioVersion = 16.0.31911.196
MinimumVisualStudioVersion = 10.0.40219.1
Project("{9A19103F-16F7-4668-BE54-9A1E7A4F7556}") = "ContactWinforms", "ContactWinforms\ContactWinforms.csproj", "{6B8E9026-422C-44EC-BC37-1CE30EAA3B1A}"
EndProject
Project("{FAE04EC0-301F-11D3-BF4B-00C04F79EFBC}") = "Business", "Business\Business.csproj", "{BD991FF7-0EFE-49A9-8F9A-4A8D6A625448}"
EndProject
Project("{FAE04EC0-301F-11D3-BF4B-00C04F79EFBC}") = "DAL", "DAL\DAL.csproj", "{15D0BCBB-4C09-4445-A667-22D932B93713}"
EndProject
Project("{FAE04EC0-301F-11D3-BF4B-00C04F79EFBC}") = "ContactWebAPI", "ContactWebAPI\ContactWebAPI.csproj", "{7F812A7E-DC5A-4732-B132-793EFE50E029}"
EndProject
Global
	GlobalSection(SolutionConfigurationPlatforms) = preSolution
		Debug|Any CPU = Debug|Any CPU
		Release|Any CPU = Release|Any CPU
	EndGlobalSection
	GlobalSection(ProjectConfigurationPlatforms) = postSolution
		{6B8E9026-422C-44EC-BC37-1CE30EAA3B1A}.Debug|Any CPU.ActiveCfg = Debug|Any CPU
		{6B8E9026-422C-44EC-BC37-1CE30EAA3B1A}.Debug|Any CPU.Build.0 = Debug|Any CPU
		{6B8E9026-422C-44EC-BC37-1CE30EAA3B1A}.Release|Any CPU.ActiveCfg = Release|Any CPU
		{6B8E9026-422C-44EC-BC37-1CE30EAA3B1A}.Release|Any CPU.Build.0 = Release|Any CPU
		{BD991FF7-0EFE-49A9-8F9A-4A8D6A625448}.Debug|Any CPU.ActiveCfg = Debug|Any CPU
		{BD991FF7-0EFE-49A9-8F9A-4A8D6A625448}.Debug|Any CPU.Build.0 = Debug|Any CPU
		{BD991FF7-0EFE-49A9-8F9A-4A8D6A625448}.Release|Any CPU.ActiveCfg = Release|Any CPU
		{BD991FF7-0EFE-49A9-8F9A-4A8D6A625448}.Release|Any CPU.Build.0 = Release|Any CPU
		{15D0BCBB-4C09-4445-A667-22D932B93713}.Debug|Any CPU.ActiveCfg = Debug|Any CPU
		{15D0BCBB-4C09-4445-A667-22D932B93713}.Debug|Any CPU.Build.0 = Debug|Any CPU
		{15D0BCBB-4C09-4445-A667-22D932B93713}.Release|Any CPU.ActiveCfg = Release|Any CPU
		{15D0BCBB-4C09-4445-A667-22D932B93713}.Release|Any CPU.Build.0 = Release|Any CPU
		{7F812A7E-DC5A-4732-B132-793EFE50E029}.Debug|Any CPU.ActiveCfg = Debug|Any CPU
		{7F812A7E-DC5A-4732-B132-793EFE50E029}.Debug|Any CPU.Build.0 = Debug|Any CPU
		{7F812A7E-DC5A-4732-B132-793EFE50E029}.Release|Any CPU.ActiveCfg = Release|Any CPU
		{7F812A7E-DC5A-4732-B132-793EFE50E029}.Release|Any CPU.Build.0 = Release|Any CPU
	EndGlobalSection
	GlobalSection(SolutionProperties) = preSolution
		HideSolutionNode = FALSE
	EndGlobalSection
	GlobalSection(ExtensibilityGlobals) = postSolution
		SolutionGuid = {ACE62E1C-8085-47FC-8F13-B02446E0067D}
	EndGlobalSection
EndGlobal
